
Microsoft Visual Studio Solution File, Format Version 12.00
# Visual Studio Version 17
VisualStudioVersion = 17.6.33815.320
MinimumVisualStudioVersion = 10.0.40219.1
Project("{9A19103F-16F7-4668-BE54-9A1E7A4F7556}") = "NightPhotoBackend", "NightPhotoBackend\NightPhotoBackend.csproj", "{05C574C4-67AF-4746-A44C-36DB8EB52FD4}"
EndProject
Project("{54A90642-561A-4BB1-A94E-469ADEE60C69}") = "nightphotofrontend", "nightphotofrontend\nightphotofrontend.esproj", "{BDB29D12-32F3-4D15-880F-469ED0D5C446}"
EndProject
Global
	GlobalSection(SolutionConfigurationPlatforms) = preSolution
		Debug|Any CPU = Debug|Any CPU
		Release|Any CPU = Release|Any CPU
	EndGlobalSection
	GlobalSection(ProjectConfigurationPlatforms) = postSolution
		{05C574C4-67AF-4746-A44C-36DB8EB52FD4}.Debug|Any CPU.ActiveCfg = Debug|Any CPU
		{05C574C4-67AF-4746-A44C-36DB8EB52FD4}.Debug|Any CPU.Build.0 = Debug|Any CPU
		{05C574C4-67AF-4746-A44C-36DB8EB52FD4}.Release|Any CPU.ActiveCfg = Release|Any CPU
		{05C574C4-67AF-4746-A44C-36DB8EB52FD4}.Release|Any CPU.Build.0 = Release|Any CPU
		{BDB29D12-32F3-4D15-880F-469ED0D5C446}.Debug|Any CPU.ActiveCfg = Debug|Any CPU
		{BDB29D12-32F3-4D15-880F-469ED0D5C446}.Debug|Any CPU.Build.0 = Debug|Any CPU
		{BDB29D12-32F3-4D15-880F-469ED0D5C446}.Debug|Any CPU.Deploy.0 = Debug|Any CPU
		{BDB29D12-32F3-4D15-880F-469ED0D5C446}.Release|Any CPU.ActiveCfg = Release|Any CPU
		{BDB29D12-32F3-4D15-880F-469ED0D5C446}.Release|Any CPU.Build.0 = Release|Any CPU
		{BDB29D12-32F3-4D15-880F-469ED0D5C446}.Release|Any CPU.Deploy.0 = Release|Any CPU
	EndGlobalSection
	GlobalSection(SolutionProperties) = preSolution
		HideSolutionNode = FALSE
	EndGlobalSection
	GlobalSection(ExtensibilityGlobals) = postSolution
		SolutionGuid = {B209E280-4A20-4B73-A2D2-61489B3F9911}
	EndGlobalSection
EndGlobal
